
Microsoft Visual Studio Solution File, Format Version 12.00
# Visual Studio 15
VisualStudioVersion = 15.0.28307.421
MinimumVisualStudioVersion = 10.0.40219.1
Project("{FAE04EC0-301F-11D3-BF4B-00C04F79EFBC}") = "Aireline_API", "Aireline_API\Aireline_API.csproj", "{7DE70F9B-0002-43BF-A026-2BA307A5C06B}"
EndProject
Global
	GlobalSection(SolutionConfigurationPlatforms) = preSolution
		Debug|Any CPU = Debug|Any CPU
		Release|Any CPU = Release|Any CPU
	EndGlobalSection
	GlobalSection(ProjectConfigurationPlatforms) = postSolution
		{7DE70F9B-0002-43BF-A026-2BA307A5C06B}.Debug|Any CPU.ActiveCfg = Debug|Any CPU
		{7DE70F9B-0002-43BF-A026-2BA307A5C06B}.Debug|Any CPU.Build.0 = Debug|Any CPU
		{7DE70F9B-0002-43BF-A026-2BA307A5C06B}.Release|Any CPU.ActiveCfg = Release|Any CPU
		{7DE70F9B-0002-43BF-A026-2BA307A5C06B}.Release|Any CPU.Build.0 = Release|Any CPU
	EndGlobalSection
	GlobalSection(SolutionProperties) = preSolution
		HideSolutionNode = FALSE
	EndGlobalSection
	GlobalSection(ExtensibilityGlobals) = postSolution
		SolutionGuid = {1DE98178-B620-482D-8CEA-B66FF7233B22}
	EndGlobalSection
EndGlobal
